
Microsoft Visual Studio Solution File, Format Version 12.00
# Visual Studio Version 17
VisualStudioVersion = 17.8.34330.188
MinimumVisualStudioVersion = 10.0.40219.1
Project("{9A19103F-16F7-4668-BE54-9A1E7A4F7556}") = "CodeDemo", "CodeDemo\CodeDemo.csproj", "{C00D198F-4390-4897-93C7-1DDCD86FA3C1}"
EndProject
Project("{9A19103F-16F7-4668-BE54-9A1E7A4F7556}") = "EntityLayer", "EntityLayer\EntityLayer.csproj", "{C8BEB10E-C248-4F01-B21C-AB65C0802E45}"
EndProject
Project("{9A19103F-16F7-4668-BE54-9A1E7A4F7556}") = "BusinessLayer", "BusinessLayer\BusinessLayer.csproj", "{6C0B79EA-33DA-44A2-B6C3-9B895677A19E}"
EndProject
Project("{9A19103F-16F7-4668-BE54-9A1E7A4F7556}") = "CoreLayer", "CoreLayer\CoreLayer.csproj", "{A9C47BBB-B99C-4F77-AC2A-5052EDB9586D}"
EndProject
Project("{9A19103F-16F7-4668-BE54-9A1E7A4F7556}") = "DataAccessLayer", "DataAccessLayer\DataAccessLayer.csproj", "{ECA06902-1E77-463D-8EAC-613A702EDD8A}"
EndProject
Global
	GlobalSection(SolutionConfigurationPlatforms) = preSolution
		Debug|Any CPU = Debug|Any CPU
		Release|Any CPU = Release|Any CPU
	EndGlobalSection
	GlobalSection(ProjectConfigurationPlatforms) = postSolution
		{C00D198F-4390-4897-93C7-1DDCD86FA3C1}.Debug|Any CPU.ActiveCfg = Debug|Any CPU
		{C00D198F-4390-4897-93C7-1DDCD86FA3C1}.Debug|Any CPU.Build.0 = Debug|Any CPU
		{C00D198F-4390-4897-93C7-1DDCD86FA3C1}.Release|Any CPU.ActiveCfg = Release|Any CPU
		{C00D198F-4390-4897-93C7-1DDCD86FA3C1}.Release|Any CPU.Build.0 = Release|Any CPU
		{C8BEB10E-C248-4F01-B21C-AB65C0802E45}.Debug|Any CPU.ActiveCfg = Debug|Any CPU
		{C8BEB10E-C248-4F01-B21C-AB65C0802E45}.Debug|Any CPU.Build.0 = Debug|Any CPU
		{C8BEB10E-C248-4F01-B21C-AB65C0802E45}.Release|Any CPU.ActiveCfg = Release|Any CPU
		{C8BEB10E-C248-4F01-B21C-AB65C0802E45}.Release|Any CPU.Build.0 = Release|Any CPU
		{6C0B79EA-33DA-44A2-B6C3-9B895677A19E}.Debug|Any CPU.ActiveCfg = Debug|Any CPU
		{6C0B79EA-33DA-44A2-B6C3-9B895677A19E}.Debug|Any CPU.Build.0 = Debug|Any CPU
		{6C0B79EA-33DA-44A2-B6C3-9B895677A19E}.Release|Any CPU.ActiveCfg = Release|Any CPU
		{6C0B79EA-33DA-44A2-B6C3-9B895677A19E}.Release|Any CPU.Build.0 = Release|Any CPU
		{A9C47BBB-B99C-4F77-AC2A-5052EDB9586D}.Debug|Any CPU.ActiveCfg = Debug|Any CPU
		{A9C47BBB-B99C-4F77-AC2A-5052EDB9586D}.Debug|Any CPU.Build.0 = Debug|Any CPU
		{A9C47BBB-B99C-4F77-AC2A-5052EDB9586D}.Release|Any CPU.ActiveCfg = Release|Any CPU
		{A9C47BBB-B99C-4F77-AC2A-5052EDB9586D}.Release|Any CPU.Build.0 = Release|Any CPU
		{ECA06902-1E77-463D-8EAC-613A702EDD8A}.Debug|Any CPU.ActiveCfg = Debug|Any CPU
		{ECA06902-1E77-463D-8EAC-613A702EDD8A}.Debug|Any CPU.Build.0 = Debug|Any CPU
		{ECA06902-1E77-463D-8EAC-613A702EDD8A}.Release|Any CPU.ActiveCfg = Release|Any CPU
		{ECA06902-1E77-463D-8EAC-613A702EDD8A}.Release|Any CPU.Build.0 = Release|Any CPU
	EndGlobalSection
	GlobalSection(SolutionProperties) = preSolution
		HideSolutionNode = FALSE
	EndGlobalSection
	GlobalSection(ExtensibilityGlobals) = postSolution
		SolutionGuid = {A5A3AADF-D254-4AFD-BF37-B0B14BCA885F}
	EndGlobalSection
EndGlobal
